# This file is automatically @generated by Poetry 1.5.4 and should not be changed by hand.

[[package]]
name = "names"
version = "0.3.0"
description = "Generate random names"
optional = false
python-versions = "*"
files = [
    {file = "names-0.3.0.tar.gz", hash = "sha256:726e46254f2ed03f1ffb5d941dae3bc67c35123941c29becd02d48d0caa2a671"},
]

[[package]]
name = "output"
version = "1.0.1"
description = "print list"
optional = false
python-versions = "*"
files = [
    {file = "output-1.0.1.zip", hash = "sha256:e61317148e17902db8b9a497ef62b7784adbf6e0be0cca263c8e0041d158a4e8"},
]

[[package]]
name = "tabulate"
version = "0.9.0"
description = "Pretty-print tabular data"
optional = false
python-versions = ">=3.7"
files = [
    {file = "tabulate-0.9.0-py3-none-any.whl", hash = "sha256:024ca478df22e9340661486f85298cff5f6dcdba14f3813e8830015b9ed1948f"},
    {file = "tabulate-0.9.0.tar.gz", hash = "sha256:0095b12bf5966de529c0feb1fa08671671b3368eec77d7ef7ab114be2c068b3c"},
]

[package.extras]
widechars = ["wcwidth"]

[metadata]
lock-version = "2.0"
python-versions = "^3.10"
content-hash = "868fdef212fe7295bdb6a5551a0ec87b215adfce7e4f79b3d7cbc9dcd8d88eb8"
